
Microsoft Visual Studio Solution File, Format Version 12.00
# Visual Studio 2013
VisualStudioVersion = 12.0.30110.0
MinimumVisualStudioVersion = 10.0.40219.1
Project("{2150E333-8FDC-42A3-9474-1A3956D46DE8}") = "src", "src", "{D228EAF5-9725-4AEE-AAEB-CBDD5876EC82}"
EndProject
Project("{FAE04EC0-301F-11D3-BF4B-00C04F79EFBC}") = "Anbora.Core", "Anbora.Core\Anbora.Core.csproj", "{9762CD93-4031-4109-B01E-9A1C846282CB}"
EndProject
Project("{FAE04EC0-301F-11D3-BF4B-00C04F79EFBC}") = "NetFrameworkReplume", "NetFrameworkReplume\NetFrameworkReplume.csproj", "{335A2188-9303-45F3-8794-D9D225F31A1F}"
EndProject
Project("{2150E333-8FDC-42A3-9474-1A3956D46DE8}") = "tool", "tool", "{3A49AADC-54F6-41CF-B1EF-EB73F6848D9F}"
EndProject
Project("{FAE04EC0-301F-11D3-BF4B-00C04F79EFBC}") = "Anbora.Home", "Anbora.Home\Anbora.Home.csproj", "{E6CF15BD-D88B-4E54-B7B0-BCC74CCC8D4F}"
EndProject
Project("{2150E333-8FDC-42A3-9474-1A3956D46DE8}") = "output", "output", "{18713860-9776-41B4-A175-7A079D1585C9}"
EndProject
Project("{FAE04EC0-301F-11D3-BF4B-00C04F79EFBC}") = "Anbora.View", "Anbora.View\Anbora.View.csproj", "{398CD685-0FEE-4D22-8207-4969AA1AA706}"
EndProject
Project("{FAE04EC0-301F-11D3-BF4B-00C04F79EFBC}") = "Anbora.ViewModel", "Anbora.ViewModel\Anbora.ViewModel.csproj", "{5A7D9F42-5D0A-48E0-BDB5-DEFE8B0BE53B}"
EndProject
Project("{FAE04EC0-301F-11D3-BF4B-00C04F79EFBC}") = "Anbora.Controller", "Anbora.Controller\Anbora.Controller.csproj", "{4E2B2F67-01B2-40B6-94EB-2B9B52F429DE}"
EndProject
Project("{FAE04EC0-301F-11D3-BF4B-00C04F79EFBC}") = "ALog", "ALog\ALog.csproj", "{D0AA3C33-19FE-4388-9434-567860502D52}"
EndProject
Project("{FAE04EC0-301F-11D3-BF4B-00C04F79EFBC}") = "ReplaceBytes", "ReplaceBytes\ReplaceBytes.csproj", "{3269A95C-8723-4E2B-B22C-5CDF67FD3167}"
EndProject
Project("{FAE04EC0-301F-11D3-BF4B-00C04F79EFBC}") = "ConvertEoL", "ConvertEoL\ConvertEoL.csproj", "{1AAC7D8D-6FED-4285-8CDE-941C90B3D685}"
EndProject
Global
	GlobalSection(SolutionConfigurationPlatforms) = preSolution
		Debug|Any CPU = Debug|Any CPU
		Release|Any CPU = Release|Any CPU
	EndGlobalSection
	GlobalSection(ProjectConfigurationPlatforms) = postSolution
		{9762CD93-4031-4109-B01E-9A1C846282CB}.Debug|Any CPU.ActiveCfg = Debug|Any CPU
		{9762CD93-4031-4109-B01E-9A1C846282CB}.Debug|Any CPU.Build.0 = Debug|Any CPU
		{9762CD93-4031-4109-B01E-9A1C846282CB}.Release|Any CPU.ActiveCfg = Release|Any CPU
		{9762CD93-4031-4109-B01E-9A1C846282CB}.Release|Any CPU.Build.0 = Release|Any CPU
		{335A2188-9303-45F3-8794-D9D225F31A1F}.Debug|Any CPU.ActiveCfg = Debug|Any CPU
		{335A2188-9303-45F3-8794-D9D225F31A1F}.Debug|Any CPU.Build.0 = Debug|Any CPU
		{335A2188-9303-45F3-8794-D9D225F31A1F}.Release|Any CPU.ActiveCfg = Release|Any CPU
		{335A2188-9303-45F3-8794-D9D225F31A1F}.Release|Any CPU.Build.0 = Release|Any CPU
		{E6CF15BD-D88B-4E54-B7B0-BCC74CCC8D4F}.Debug|Any CPU.ActiveCfg = Debug|Any CPU
		{E6CF15BD-D88B-4E54-B7B0-BCC74CCC8D4F}.Debug|Any CPU.Build.0 = Debug|Any CPU
		{E6CF15BD-D88B-4E54-B7B0-BCC74CCC8D4F}.Release|Any CPU.ActiveCfg = Release|Any CPU
		{E6CF15BD-D88B-4E54-B7B0-BCC74CCC8D4F}.Release|Any CPU.Build.0 = Release|Any CPU
		{398CD685-0FEE-4D22-8207-4969AA1AA706}.Debug|Any CPU.ActiveCfg = Debug|Any CPU
		{398CD685-0FEE-4D22-8207-4969AA1AA706}.Debug|Any CPU.Build.0 = Debug|Any CPU
		{398CD685-0FEE-4D22-8207-4969AA1AA706}.Release|Any CPU.ActiveCfg = Release|Any CPU
		{398CD685-0FEE-4D22-8207-4969AA1AA706}.Release|Any CPU.Build.0 = Release|Any CPU
		{5A7D9F42-5D0A-48E0-BDB5-DEFE8B0BE53B}.Debug|Any CPU.ActiveCfg = Debug|Any CPU
		{5A7D9F42-5D0A-48E0-BDB5-DEFE8B0BE53B}.Debug|Any CPU.Build.0 = Debug|Any CPU
		{5A7D9F42-5D0A-48E0-BDB5-DEFE8B0BE53B}.Release|Any CPU.ActiveCfg = Release|Any CPU
		{5A7D9F42-5D0A-48E0-BDB5-DEFE8B0BE53B}.Release|Any CPU.Build.0 = Release|Any CPU
		{4E2B2F67-01B2-40B6-94EB-2B9B52F429DE}.Debug|Any CPU.ActiveCfg = Debug|Any CPU
		{4E2B2F67-01B2-40B6-94EB-2B9B52F429DE}.Debug|Any CPU.Build.0 = Debug|Any CPU
		{4E2B2F67-01B2-40B6-94EB-2B9B52F429DE}.Release|Any CPU.ActiveCfg = Release|Any CPU
		{4E2B2F67-01B2-40B6-94EB-2B9B52F429DE}.Release|Any CPU.Build.0 = Release|Any CPU
		{D0AA3C33-19FE-4388-9434-567860502D52}.Debug|Any CPU.ActiveCfg = Debug|Any CPU
		{D0AA3C33-19FE-4388-9434-567860502D52}.Debug|Any CPU.Build.0 = Debug|Any CPU
		{D0AA3C33-19FE-4388-9434-567860502D52}.Release|Any CPU.ActiveCfg = Release|Any CPU
		{D0AA3C33-19FE-4388-9434-567860502D52}.Release|Any CPU.Build.0 = Release|Any CPU
		{3269A95C-8723-4E2B-B22C-5CDF67FD3167}.Debug|Any CPU.ActiveCfg = Debug|Any CPU
		{3269A95C-8723-4E2B-B22C-5CDF67FD3167}.Debug|Any CPU.Build.0 = Debug|Any CPU
		{3269A95C-8723-4E2B-B22C-5CDF67FD3167}.Release|Any CPU.ActiveCfg = Release|Any CPU
		{3269A95C-8723-4E2B-B22C-5CDF67FD3167}.Release|Any CPU.Build.0 = Release|Any CPU
		{1AAC7D8D-6FED-4285-8CDE-941C90B3D685}.Debug|Any CPU.ActiveCfg = Debug|Any CPU
		{1AAC7D8D-6FED-4285-8CDE-941C90B3D685}.Debug|Any CPU.Build.0 = Debug|Any CPU
		{1AAC7D8D-6FED-4285-8CDE-941C90B3D685}.Release|Any CPU.ActiveCfg = Release|Any CPU
		{1AAC7D8D-6FED-4285-8CDE-941C90B3D685}.Release|Any CPU.Build.0 = Release|Any CPU
	EndGlobalSection
	GlobalSection(SolutionProperties) = preSolution
		HideSolutionNode = FALSE
	EndGlobalSection
	GlobalSection(NestedProjects) = preSolution
		{9762CD93-4031-4109-B01E-9A1C846282CB} = {D228EAF5-9725-4AEE-AAEB-CBDD5876EC82}
		{E6CF15BD-D88B-4E54-B7B0-BCC74CCC8D4F} = {D228EAF5-9725-4AEE-AAEB-CBDD5876EC82}
		{398CD685-0FEE-4D22-8207-4969AA1AA706} = {D228EAF5-9725-4AEE-AAEB-CBDD5876EC82}
		{5A7D9F42-5D0A-48E0-BDB5-DEFE8B0BE53B} = {D228EAF5-9725-4AEE-AAEB-CBDD5876EC82}
		{4E2B2F67-01B2-40B6-94EB-2B9B52F429DE} = {D228EAF5-9725-4AEE-AAEB-CBDD5876EC82}
		{335A2188-9303-45F3-8794-D9D225F31A1F} = {3A49AADC-54F6-41CF-B1EF-EB73F6848D9F}
		{D0AA3C33-19FE-4388-9434-567860502D52} = {3A49AADC-54F6-41CF-B1EF-EB73F6848D9F}
		{3269A95C-8723-4E2B-B22C-5CDF67FD3167} = {3A49AADC-54F6-41CF-B1EF-EB73F6848D9F}
		{1AAC7D8D-6FED-4285-8CDE-941C90B3D685} = {3A49AADC-54F6-41CF-B1EF-EB73F6848D9F}
	EndGlobalSection
EndGlobal
